PODS:
  - Google-Mobile-Ads-SDK (6.11.1)
  - Mantis-Ad-Network-AdMob (1.0.0):
    - Google-Mobile-Ads-SDK (~> 6.10)

DEPENDENCIES:
  - Mantis-Ad-Network-AdMob (from `https://github.com/mantisadnetwork/mantis-ios-admob.git`, branch `master`)

EXTERNAL SOURCES:
  Mantis-Ad-Network-AdMob:
    :branch: master
    :git: https://github.com/mantisadnetwork/mantis-ios-admob.git

SPEC CHECKSUMS:
  Google-Mobile-Ads-SDK: 657fcbf9436363d0f925cf905d176fb1cb10df85
  Mantis-Ad-Network-AdMob: 69a3f5614f4f9e15c1a05320591438f4bfc5174d

COCOAPODS: 0.33.1
